// !$*UTF8*$!
{
	archiveVersion = 1;
	classes = {
	};
	objectVersion = 50;
	objects = {

/* Begin PBXBuildFile section */
		0C13B9837359C8B8B4D603BB /* Pods_NetInfo.framework in Frameworks */ = {isa = PBXBuildFile; fileRef = 59D3D5A0A651B54703652646 /* Pods_NetInfo.framework */; };
		13185808253806630060F691 /* PortScanerViewController.swift in Sources */ = {isa = PBXBuildFile; fileRef = 13185807253806630060F691 /* PortScanerViewController.swift */; };
		1359EB0A2536AC8A00AC4A91 /* AppDelegate.swift in Sources */ = {isa = PBXBuildFile; fileRef = 1359EB092536AC8A00AC4A91 /* AppDelegate.swift */; };
		1359EB0C2536AC8A00AC4A91 /* SceneDelegate.swift in Sources */ = {isa = PBXBuildFile; fileRef = 1359EB0B2536AC8A00AC4A91 /* SceneDelegate.swift */; };
		1359EB0E2536AC8A00AC4A91 /* ViewController.swift in Sources */ = {isa = PBXBuildFile; fileRef = 1359EB0D2536AC8A00AC4A91 /* ViewController.swift */; };
		1359EB112536AC8A00AC4A91 /* Main.storyboard in Resources */ = {isa = PBXBuildFile; fileRef = 1359EB0F2536AC8A00AC4A91 /* Main.storyboard */; };
		1359EB132536AC9000AC4A91 /* Assets.xcassets in Resources */ = {isa = PBXBuildFile; fileRef = 1359EB122536AC9000AC4A91 /* Assets.xcassets */; };
		1359EB162536AC9000AC4A91 /* LaunchScreen.storyboard in Resources */ = {isa = PBXBuildFile; fileRef = 1359EB142536AC9000AC4A91 /* LaunchScreen.storyboard */; };
		1359EB202536B24300AC4A91 /* Function.swift in Sources */ = {isa = PBXBuildFile; fileRef = 1359EB1F2536B24300AC4A91 /* Function.swift */; };
		1359EB242536B2C000AC4A91 /* Data.swift in Sources */ = {isa = PBXBuildFile; fileRef = 1359EB232536B2C000AC4A91 /* Data.swift */; };
		1359EB292536C7AA00AC4A91 /* FuncTableViewCell.swift in Sources */ = {isa = PBXBuildFile; fileRef = 1359EB272536C7A700AC4A91 /* FuncTableViewCell.swift */; };
		1359EB2A2536C7AA00AC4A91 /* FuncTableViewCell.xib in Resources */ = {isa = PBXBuildFile; fileRef = 1359EB282536C7A800AC4A91 /* FuncTableViewCell.xib */; };
		1359EB2E2536DD7400AC4A91 /* NetworkUtility.swift in Sources */ = {isa = PBXBuildFile; fileRef = 1359EB2D2536DD7300AC4A91 /* NetworkUtility.swift */; };
		1359EB322536E13E00AC4A91 /* GatewayViewController.swift in Sources */ = {isa = PBXBuildFile; fileRef = 1359EB312536E13D00AC4A91 /* GatewayViewController.swift */; };
/* End PBXBuildFile section */

/* Begin PBXFileReference section */
		0890108ED88D5EEDF60A447B /* Pods-NetInfo.debug.xcconfig */ = {isa = PBXFileReference; includeInIndex = 1; lastKnownFileType = text.xcconfig; name = "Pods-NetInfo.debug.xcconfig"; path = "Target Support Files/Pods-NetInfo/Pods-NetInfo.debug.xcconfig"; sourceTree = "<group>"; };
		13185807253806630060F691 /* PortScanerViewController.swift */ = {isa = PBXFileReference; lastKnownFileType = sourcecode.swift; path = PortScanerViewController.swift; sourceTree = "<group>"; };
		1359EB062536AC8A00AC4A91 /* NetInfo.app */ = {isa = PBXFileReference; explicitFileType = wrapper.application; includeInIndex = 0; path = NetInfo.app; sourceTree = BUILT_PRODUCTS_DIR; };
		1359EB092536AC8A00AC4A91 /* AppDelegate.swift */ = {isa = PBXFileReference; lastKnownFileType = sourcecode.swift; path = AppDelegate.swift; sourceTree = "<group>"; };
		1359EB0B2536AC8A00AC4A91 /* SceneDelegate.swift */ = {isa = PBXFileReference; lastKnownFileType = sourcecode.swift; path = SceneDelegate.swift; sourceTree = "<group>"; };
		1359EB0D2536AC8A00AC4A91 /* ViewController.swift */ = {isa = PBXFileReference; lastKnownFileType = sourcecode.swift; path = ViewController.swift; sourceTree = "<group>"; };
		1359EB102536AC8A00AC4A91 /* Base */ = {isa = PBXFileReference; lastKnownFileType = file.storyboard; name = Base; path = Base.lproj/Main.storyboard; sourceTree = "<group>"; };
		1359EB122536AC9000AC4A91 /* Assets.xcassets */ = {isa = PBXFileReference; lastKnownFileType = folder.assetcatalog; path = Assets.xcassets; sourceTree = "<group>"; };
		1359EB152536AC9000AC4A91 /* Base */ = {isa = PBXFileReference; lastKnownFileType = file.storyboard; name = Base; path = Base.lproj/LaunchScreen.storyboard; sourceTree = "<group>"; };
		1359EB172536AC9000AC4A91 /* Info.plist */ = {isa = PBXFileReference; lastKnownFileType = text.plist.xml; path = Info.plist; sourceTree = "<group>"; };
		1359EB1F2536B24300AC4A91 /* Function.swift */ = {isa = PBXFileReference; lastKnownFileType = sourcecode.swift; path = Function.swift; sourceTree = "<group>"; };
		1359EB232536B2C000AC4A91 /* Data.swift */ = {isa = PBXFileReference; lastKnownFileType = sourcecode.swift; path = Data.swift; sourceTree = "<group>"; };
		1359EB272536C7A700AC4A91 /* FuncTableViewCell.swift */ = {isa = PBXFileReference; lastKnownFileType = sourcecode.swift; path = FuncTableViewCell.swift; sourceTree = "<group>"; };
		1359EB282536C7A800AC4A91 /* FuncTableViewCell.xib */ = {isa = PBXFileReference; lastKnownFileType = file.xib; path = FuncTableViewCell.xib; sourceTree = "<group>"; };
		1359EB2D2536DD7300AC4A91 /* NetworkUtility.swift */ = {isa = PBXFileReference; lastKnownFileType = sourcecode.swift; path = NetworkUtility.swift; sourceTree = "<group>"; };
		1359EB312536E13D00AC4A91 /* GatewayViewController.swift */ = {isa = PBXFileReference; lastKnownFileType = sourcecode.swift; path = GatewayViewController.swift; sourceTree = "<group>"; };
		59D3D5A0A651B54703652646 /* Pods_NetInfo.framework */ = {isa = PBXFileReference; explicitFileType = wrapper.framework; includeInIndex = 0; path = Pods_NetInfo.framework; sourceTree = BUILT_PRODUCTS_DIR; };
		EB579E156CE8C3B9F4AF3876 /* Pods-NetInfo.release.xcconfig */ = {isa = PBXFileReference; includeInIndex = 1; lastKnownFileType = text.xcconfig; name = "Pods-NetInfo.release.xcconfig"; path = "Target Support Files/Pods-NetInfo/Pods-NetInfo.release.xcconfig"; sourceTree = "<group>"; };
/* End PBXFileReference section */

/* Begin PBXFrameworksBuildPhase section */
		1359EB032536AC8A00AC4A91 /* Frameworks */ = {
			isa = PBXFrameworksBuildPhase;
			buildActionMask = 2147483647;
			files = (
				0C13B9837359C8B8B4D603BB /* Pods_NetInfo.framework in Frameworks */,
			);
			runOnlyForDeploymentPostprocessing = 0;
		};
/* End PBXFrameworksBuildPhase section */

/* Begin PBXGroup section */
		12F105930ACA822788641064 /* Frameworks */ = {
			isa = PBXGroup;
			children = (
				59D3D5A0A651B54703652646 /* Pods_NetInfo.framework */,
			);
			name = Frameworks;
			sourceTree = "<group>";
		};
		1359EAFD2536AC8A00AC4A91 = {
			isa = PBXGroup;
			children = (
				1359EB082536AC8A00AC4A91 /* NetInfo */,
				1359EB072536AC8A00AC4A91 /* Products */,
				A14B3F39E7A416488BB22AA2 /* Pods */,
				12F105930ACA822788641064 /* Frameworks */,
			);
			sourceTree = "<group>";
		};
		1359EB072536AC8A00AC4A91 /* Products */ = {
			isa = PBXGroup;
			children = (
				1359EB062536AC8A00AC4A91 /* NetInfo.app */,
			);
			name = Products;
			sourceTree = "<group>";
		};
		1359EB082536AC8A00AC4A91 /* NetInfo */ = {
			isa = PBXGroup;
			children = (
				1359EB2C2536DCE600AC4A91 /* Network */,
				1359EB222536B29700AC4A91 /* Resource */,
				1359EB1E2536B21900AC4A91 /* Models */,
				1359EB092536AC8A00AC4A91 /* AppDelegate.swift */,
				1359EB0B2536AC8A00AC4A91 /* SceneDelegate.swift */,
				1359EB312536E13D00AC4A91 /* GatewayViewController.swift */,
				1359EB0D2536AC8A00AC4A91 /* ViewController.swift */,
				13185807253806630060F691 /* PortScanerViewController.swift */,
				1359EB0F2536AC8A00AC4A91 /* Main.storyboard */,
				1359EB122536AC9000AC4A91 /* Assets.xcassets */,
				1359EB142536AC9000AC4A91 /* LaunchScreen.storyboard */,
				1359EB172536AC9000AC4A91 /* Info.plist */,
				1359EB272536C7A700AC4A91 /* FuncTableViewCell.swift */,
				1359EB282536C7A800AC4A91 /* FuncTableViewCell.xib */,
			);
			path = NetInfo;
			sourceTree = "<group>";
		};
		1359EB1E2536B21900AC4A91 /* Models */ = {
			isa = PBXGroup;
			children = (
				1359EB1F2536B24300AC4A91 /* Function.swift */,
			);
			path = Models;
			sourceTree = "<group>";
		};
		1359EB222536B29700AC4A91 /* Resource */ = {
			isa = PBXGroup;
			children = (
				1359EB232536B2C000AC4A91 /* Data.swift */,
			);
			path = Resource;
			sourceTree = "<group>";
		};
		1359EB2C2536DCE600AC4A91 /* Network */ = {
			isa = PBXGroup;
			children = (
				1359EB2D2536DD7300AC4A91 /* NetworkUtility.swift */,
			);
			path = Network;
			sourceTree = "<group>";
		};
		A14B3F39E7A416488BB22AA2 /* Pods */ = {
			isa = PBXGroup;
			children = (
				0890108ED88D5EEDF60A447B /* Pods-NetInfo.debug.xcconfig */,
				EB579E156CE8C3B9F4AF3876 /* Pods-NetInfo.release.xcconfig */,
			);
			name = Pods;
			path = Pods;
			sourceTree = "<group>";
		};
/* End PBXGroup section */

/* Begin PBXNativeTarget section */
		1359EB052536AC8A00AC4A91 /* NetInfo */ = {
			isa = PBXNativeTarget;
			buildConfigurationList = 1359EB1A2536AC9000AC4A91 /* Build configuration list for PBXNativeTarget "NetInfo" */;
			buildPhases = (
				E47F8E5428DAFB066EF2D7E7 /* [CP] Check Pods Manifest.lock */,
				1359EB022536AC8A00AC4A91 /* Sources */,
				1359EB032536AC8A00AC4A91 /* Frameworks */,
				1359EB042536AC8A00AC4A91 /* Resources */,
				CFB720713AFCE58ED36EB2D5 /* [CP] Embed Pods Frameworks */,
			);
			buildRules = (
			);
			dependencies = (
			);
			name = NetInfo;
			productName = NetInfo;
			productReference = 1359EB062536AC8A00AC4A91 /* NetInfo.app */;
			productType = "com.apple.product-type.application";
		};
/* End PBXNativeTarget section */

/* Begin PBXProject section */
		1359EAFE2536AC8A00AC4A91 /* Project object */ = {
			isa = PBXProject;
			attributes = {
				LastSwiftUpdateCheck = 1200;
				LastUpgradeCheck = 1200;
				TargetAttributes = {
					1359EB052536AC8A00AC4A91 = {
						CreatedOnToolsVersion = 12.0;
					};
				};
			};
			buildConfigurationList = 1359EB012536AC8A00AC4A91 /* Build configuration list for PBXProject "NetInfo" */;
			compatibilityVersion = "Xcode 9.3";
			developmentRegion = en;
			hasScannedForEncodings = 0;
			knownRegions = (
				en,
				Base,
			);
			mainGroup = 1359EAFD2536AC8A00AC4A91;
			productRefGroup = 1359EB072536AC8A00AC4A91 /* Products */;
			projectDirPath = "";
			projectRoot = "";
			targets = (
				1359EB052536AC8A00AC4A91 /* NetInfo */,
			);
		};
/* End PBXProject section */

/* Begin PBXResourcesBuildPhase section */
		1359EB042536AC8A00AC4A91 /* Resources */ = {
			isa = PBXResourcesBuildPhase;
			buildActionMask = 2147483647;
			files = (
				1359EB162536AC9000AC4A91 /* LaunchScreen.storyboard in Resources */,
				1359EB2A2536C7AA00AC4A91 /* FuncTableViewCell.xib in Resources */,
				1359EB132536AC9000AC4A91 /* Assets.xcassets in Resources */,
				1359EB112536AC8A00AC4A91 /* Main.storyboard in Resources */,
			);
			runOnlyForDeploymentPostprocessing = 0;
		};
/* End PBXResourcesBuildPhase section */

/* Begin PBXShellScriptBuildPhase section */
		CFB720713AFCE58ED36EB2D5 /* [CP] Embed Pods Frameworks */ = {
			isa = PBXShellScriptBuildPhase;
			buildActionMask = 2147483647;
			files = (
			);
			inputFileListPaths = (
				"${PODS_ROOT}/Target Support Files/Pods-NetInfo/Pods-NetInfo-frameworks-${CONFIGURATION}-input-files.xcfilelist",
			);
			name = "[CP] Embed Pods Frameworks";
			outputFileListPaths = (
				"${PODS_ROOT}/Target Support Files/Pods-NetInfo/Pods-NetInfo-frameworks-${CONFIGURATION}-output-files.xcfilelist",
			);
			runOnlyForDeploymentPostprocessing = 0;
			shellPath = /bin/sh;
			shellScript = "\"${PODS_ROOT}/Target Support Files/Pods-NetInfo/Pods-NetInfo-frameworks.sh\"\n";
			showEnvVarsInLog = 0;
		};
		E47F8E5428DAFB066EF2D7E7 /* [CP] Check Pods Manifest.lock */ = {
			isa = PBXShellScriptBuildPhase;
			buildActionMask = 2147483647;
			files = (
			);
			inputFileListPaths = (
			);
			inputPaths = (
				"${PODS_PODFILE_DIR_PATH}/Podfile.lock",
				"${PODS_ROOT}/Manifest.lock",
			);
			name = "[CP] Check Pods Manifest.lock";
			outputFileListPaths = (
			);
			outputPaths = (
				"$(DERIVED_FILE_DIR)/Pods-NetInfo-checkManifestLockResult.txt",
			);
			runOnlyForDeploymentPostprocessing = 0;
			shellPath = /bin/sh;
			shellScript = "diff \"${PODS_PODFILE_DIR_PATH}/Podfile.lock\" \"${PODS_ROOT}/Manifest.lock\" > /dev/null\nif [ $? != 0 ] ; then\n    # print error to STDERR\n    echo \"error: The sandbox is not in sync with the Podfile.lock. Run 'pod install' or update your CocoaPods installation.\" >&2\n    exit 1\nfi\n# This output is used by Xcode 'outputs' to avoid re-running this script phase.\necho \"SUCCESS\" > \"${SCRIPT_OUTPUT_FILE_0}\"\n";
			showEnvVarsInLog = 0;
		};
/* End PBXShellScriptBuildPhase section */

/* Begin PBXSourcesBuildPhase section */
		1359EB022536AC8A00AC4A91 /* Sources */ = {
			isa = PBXSourcesBuildPhase;
			buildActionMask = 2147483647;
			files = (
				1359EB0E2536AC8A00AC4A91 /* ViewController.swift in Sources */,
				1359EB292536C7AA00AC4A91 /* FuncTableViewCell.swift in Sources */,
				1359EB242536B2C000AC4A91 /* Data.swift in Sources */,
				1359EB0A2536AC8A00AC4A91 /* AppDelegate.swift in Sources */,
				1359EB0C2536AC8A00AC4A91 /* SceneDelegate.swift in Sources */,
				13185808253806630060F691 /* PortScanerViewController.swift in Sources */,
				1359EB202536B24300AC4A91 /* Function.swift in Sources */,
				1359EB2E2536DD7400AC4A91 /* NetworkUtility.swift in Sources */,
				1359EB322536E13E00AC4A91 /* GatewayViewController.swift in Sources */,
			);
			runOnlyForDeploymentPostprocessing = 0;
		};
/* End PBXSourcesBuildPhase section */

/* Begin PBXVariantGroup section */
		1359EB0F2536AC8A00AC4A91 /* Main.storyboard */ = {
			isa = PBXVariantGroup;
			children = (
				1359EB102536AC8A00AC4A91 /* Base */,
			);
			name = Main.storyboard;
			sourceTree = "<group>";
		};
		1359EB142536AC9000AC4A91 /* LaunchScreen.storyboard */ = {
			isa = PBXVariantGroup;
			children = (
				1359EB152536AC9000AC4A91 /* Base */,
			);
			name = LaunchScreen.storyboard;
			sourceTree = "<group>";
		};
/* End PBXVariantGroup section */

/* Begin XCBuildConfiguration section */
		1359EB182536AC9000AC4A91 /* Debug */ = {
			isa = XCBuildConfiguration;
			buildSettings = {
				ALWAYS_SEARCH_USER_PATHS = NO;
				CLANG_ANALYZER_NONNULL = YES;
				CLANG_ANALYZER_NUMBER_OBJECT_CONVERSION = YES_AGGRESSIVE;
				CLANG_CXX_LANGUAGE_STANDARD = "gnu++14";
				CLANG_CXX_LIBRARY = "libc++";
				CLANG_ENABLE_MODULES = YES;
				CLANG_ENABLE_OBJC_ARC = YES;
				CLANG_ENABLE_OBJC_WEAK = YES;
				CLANG_WARN_BLOCK_CAPTURE_AUTORELEASING = YES;
				CLANG_WARN_BOOL_CONVERSION = YES;
				CLANG_WARN_COMMA = YES;
				CLANG_WARN_CONSTANT_CONVERSION = YES;
				CLANG_WARN_DEPRECATED_OBJC_IMPLEMENTATIONS = YES;
				CLANG_WARN_DIRECT_OBJC_ISA_USAGE = YES_ERROR;
				CLANG_WARN_DOCUMENTATION_COMMENTS = YES;
				CLANG_WARN_EMPTY_BODY = YES;
				CLANG_WARN_ENUM_CONVERSION = YES;
				CLANG_WARN_INFINITE_RECURSION = YES;
				CLANG_WARN_INT_CONVERSION = YES;
				CLANG_WARN_NON_LITERAL_NULL_CONVERSION = YES;
				CLANG_WARN_OBJC_IMPLICIT_RETAIN_SELF = YES;
				CLANG_WARN_OBJC_LITERAL_CONVERSION = YES;
				CLANG_WARN_OBJC_ROOT_CLASS = YES_ERROR;
				CLANG_WARN_QUOTED_INCLUDE_IN_FRAMEWORK_HEADER = YES;
				CLANG_WARN_RANGE_LOOP_ANALYSIS = YES;
				CLANG_WARN_STRICT_PROTOTYPES = YES;
				CLANG_WARN_SUSPICIOUS_MOVE = YES;
				CLANG_WARN_UNGUARDED_AVAILABILITY = YES_AGGRESSIVE;
				CLANG_WARN_UNREACHABLE_CODE = YES;
				CLANG_WARN__DUPLICATE_METHOD_MATCH = YES;
				COPY_PHASE_STRIP = NO;
				DEBUG_INFORMATION_FORMAT = dwarf;
				ENABLE_STRICT_OBJC_MSGSEND = YES;
				ENABLE_TESTABILITY = YES;
				GCC_C_LANGUAGE_STANDARD = gnu11;
				GCC_DYNAMIC_NO_PIC = NO;
				GCC_NO_COMMON_BLOCKS = YES;
				GCC_OPTIMIZATION_LEVEL = 0;
				GCC_PREPROCESSOR_DEFINITIONS = (
					"DEBUG=1",
					"$(inherited)",
				);
				GCC_WARN_64_TO_32_BIT_CONVERSION = YES;
				GCC_WARN_ABOUT_RETURN_TYPE = YES_ERROR;
				GCC_WARN_UNDECLARED_SELECTOR = YES;
				GCC_WARN_UNINITIALIZED_AUTOS = YES_AGGRESSIVE;
				GCC_WARN_UNUSED_FUNCTION = YES;
				GCC_WARN_UNUSED_VARIABLE = YES;
				IPHONEOS_DEPLOYMENT_TARGET = 14.0;
				MTL_ENABLE_DEBUG_INFO = INCLUDE_SOURCE;
				MTL_FAST_MATH = YES;
				ONLY_ACTIVE_ARCH = YES;
				SDKROOT = iphoneos;
				SWIFT_ACTIVE_COMPILATION_CONDITIONS = DEBUG;
				SWIFT_OPTIMIZATION_LEVEL = "-Onone";
			};
			name = Debug;
		};
		1359EB192536AC9000AC4A91 /* Release */ = {
			isa = XCBuildConfiguration;
			buildSettings = {
				ALWAYS_SEARCH_USER_PATHS = NO;
				CLANG_ANALYZER_NONNULL = YES;
				CLANG_ANALYZER_NUMBER_OBJECT_CONVERSION = YES_AGGRESSIVE;
				CLANG_CXX_LANGUAGE_STANDARD = "gnu++14";
				CLANG_CXX_LIBRARY = "libc++";
				CLANG_ENABLE_MODULES = YES;
				CLANG_ENABLE_OBJC_ARC = YES;
				CLANG_ENABLE_OBJC_WEAK = YES;
				CLANG_WARN_BLOCK_CAPTURE_AUTORELEASING = YES;
				CLANG_WARN_BOOL_CONVERSION = YES;
				CLANG_WARN_COMMA = YES;
				CLANG_WARN_CONSTANT_CONVERSION = YES;
				CLANG_WARN_DEPRECATED_OBJC_IMPLEMENTATIONS = YES;
				CLANG_WARN_DIRECT_OBJC_ISA_USAGE = YES_ERROR;
				CLANG_WARN_DOCUMENTATION_COMMENTS = YES;
				CLANG_WARN_EMPTY_BODY = YES;
				CLANG_WARN_ENUM_CONVERSION = YES;
				CLANG_WARN_INFINITE_RECURSION = YES;
				CLANG_WARN_INT_CONVERSION = YES;
				CLANG_WARN_NON_LITERAL_NULL_CONVERSION = YES;
				CLANG_WARN_OBJC_IMPLICIT_RETAIN_SELF = YES;
				CLANG_WARN_OBJC_LITERAL_CONVERSION = YES;
				CLANG_WARN_OBJC_ROOT_CLASS = YES_ERROR;
				CLANG_WARN_QUOTED_INCLUDE_IN_FRAMEWORK_HEADER = YES;
				CLANG_WARN_RANGE_LOOP_ANALYSIS = YES;
				CLANG_WARN_STRICT_PROTOTYPES = YES;
				CLANG_WARN_SUSPICIOUS_MOVE = YES;
				CLANG_WARN_UNGUARDED_AVAILABILITY = YES_AGGRESSIVE;
				CLANG_WARN_UNREACHABLE_CODE = YES;
				CLANG_WARN__DUPLICATE_METHOD_MATCH = YES;
				COPY_PHASE_STRIP = NO;
				DEBUG_INFORMATION_FORMAT = "dwarf-with-dsym";
				ENABLE_NS_ASSERTIONS = NO;
				ENABLE_STRICT_OBJC_MSGSEND = YES;
				GCC_C_LANGUAGE_STANDARD = gnu11;
				GCC_NO_COMMON_BLOCKS = YES;
				GCC_WARN_64_TO_32_BIT_CONVERSION = YES;
				GCC_WARN_ABOUT_RETURN_TYPE = YES_ERROR;
				GCC_WARN_UNDECLARED_SELECTOR = YES;
				GCC_WARN_UNINITIALIZED_AUTOS = YES_AGGRESSIVE;
				GCC_WARN_UNUSED_FUNCTION = YES;
				GCC_WARN_UNUSED_VARIABLE = YES;
				IPHONEOS_DEPLOYMENT_TARGET = 14.0;
				MTL_ENABLE_DEBUG_INFO = NO;
				MTL_FAST_MATH = YES;
				SDKROOT = iphoneos;
				SWIFT_COMPILATION_MODE = wholemodule;
				SWIFT_OPTIMIZATION_LEVEL = "-O";
				VALIDATE_PRODUCT = YES;
			};
			name = Release;
		};
		1359EB1B2536AC9000AC4A91 /* Debug */ = {
			isa = XCBuildConfiguration;
			baseConfigurationReference = 0890108ED88D5EEDF60A447B /* Pods-NetInfo.debug.xcconfig */;
			buildSettings = {
				ASSETCATALOG_COMPILER_APPICON_NAME = AppIcon;
				ASSETCATALOG_COMPILER_GLOBAL_ACCENT_COLOR_NAME = AccentColor;
				CODE_SIGN_STYLE = Automatic;
				DEVELOPMENT_TEAM = BV97A5VZCV;
				INFOPLIST_FILE = NetInfo/Info.plist;
				LD_RUNPATH_SEARCH_PATHS = (
					"$(inherited)",
					"@executable_path/Frameworks",
				);
				PRODUCT_BUNDLE_IDENTIFIER = com.chuckworld.ios.NetInfo;
				PRODUCT_NAME = "$(TARGET_NAME)";
				SWIFT_VERSION = 5.0;
				TARGETED_DEVICE_FAMILY = "1,2";
			};
			name = Debug;
		};
		1359EB1C2536AC9000AC4A91 /* Release */ = {
			isa = XCBuildConfiguration;
			baseConfigurationReference = EB579E156CE8C3B9F4AF3876 /* Pods-NetInfo.release.xcconfig */;
			buildSettings = {
				ASSETCATALOG_COMPILER_APPICON_NAME = AppIcon;
				ASSETCATALOG_COMPILER_GLOBAL_ACCENT_COLOR_NAME = AccentColor;
				CODE_SIGN_STYLE = Automatic;
				DEVELOPMENT_TEAM = BV97A5VZCV;
				INFOPLIST_FILE = NetInfo/Info.plist;
				LD_RUNPATH_SEARCH_PATHS = (
					"$(inherited)",
					"@executable_path/Frameworks",
				);
				PRODUCT_BUNDLE_IDENTIFIER = com.chuckworld.ios.NetInfo;
				PRODUCT_NAME = "$(TARGET_NAME)";
				SWIFT_VERSION = 5.0;
				TARGETED_DEVICE_FAMILY = "1,2";
			};
			name = Release;
		};
/* End XCBuildConfiguration section */

/* Begin XCConfigurationList section */
		1359EB012536AC8A00AC4A91 /* Build configuration list for PBXProject "NetInfo" */ = {
			isa = XCConfigurationList;
			buildConfigurations = (
				1359EB182536AC9000AC4A91 /* Debug */,
				1359EB192536AC9000AC4A91 /* Release */,
			);
			defaultConfigurationIsVisible = 0;
			defaultConfigurationName = Release;
		};
		1359EB1A2536AC9000AC4A91 /* Build configuration list for PBXNativeTarget "NetInfo" */ = {
			isa = XCConfigurationList;
			buildConfigurations = (
				1359EB1B2536AC9000AC4A91 /* Debug */,
				1359EB1C2536AC9000AC4A91 /* Release */,
			);
			defaultConfigurationIsVisible = 0;
			defaultConfigurationName = Release;
		};
/* End XCConfigurationList section */
	};
	rootObject = 1359EAFE2536AC8A00AC4A91 /* Project object */;
}
